
Microsoft Visual Studio Solution File, Format Version 12.00
# Visual Studio Version 16
VisualStudioVersion = 16.0.29609.76
MinimumVisualStudioVersion = 10.0.40219.1
Project("{FAE04EC0-301F-11D3-BF4B-00C04F79EFBC}") = "Pozoriste_Seminarski_", "Pozoriste_Seminarski_\Pozoriste_Seminarski_.csproj", "{985D5463-BBFE-4E34-A583-C5A1DC429F28}"
EndProject
Project("{FAE04EC0-301F-11D3-BF4B-00C04F79EFBC}") = "Pozoriste", "Pozoriste\Pozoriste.csproj", "{947F577D-FE58-4937-9D92-001ACD63E9AE}"
EndProject
Global
	GlobalSection(SolutionConfigurationPlatforms) = preSolution
		Debug|Any CPU = Debug|Any CPU
		Release|Any CPU = Release|Any CPU
	EndGlobalSection
	GlobalSection(ProjectConfigurationPlatforms) = postSolution
		{985D5463-BBFE-4E34-A583-C5A1DC429F28}.Debug|Any CPU.ActiveCfg = Debug|Any CPU
		{985D5463-BBFE-4E34-A583-C5A1DC429F28}.Debug|Any CPU.Build.0 = Debug|Any CPU
		{985D5463-BBFE-4E34-A583-C5A1DC429F28}.Release|Any CPU.ActiveCfg = Release|Any CPU
		{985D5463-BBFE-4E34-A583-C5A1DC429F28}.Release|Any CPU.Build.0 = Release|Any CPU
		{947F577D-FE58-4937-9D92-001ACD63E9AE}.Debug|Any CPU.ActiveCfg = Debug|Any CPU
		{947F577D-FE58-4937-9D92-001ACD63E9AE}.Debug|Any CPU.Build.0 = Debug|Any CPU
		{947F577D-FE58-4937-9D92-001ACD63E9AE}.Release|Any CPU.ActiveCfg = Release|Any CPU
		{947F577D-FE58-4937-9D92-001ACD63E9AE}.Release|Any CPU.Build.0 = Release|Any CPU
	EndGlobalSection
	GlobalSection(SolutionProperties) = preSolution
		HideSolutionNode = FALSE
	EndGlobalSection
	GlobalSection(ExtensibilityGlobals) = postSolution
		SolutionGuid = {CFF4FFDF-3EC0-43F2-85BA-66132D1B814D}
	EndGlobalSection
EndGlobal
